
Microsoft Visual Studio Solution File, Format Version 12.00
# Visual Studio Version 17
VisualStudioVersion = 17.9.34701.34
MinimumVisualStudioVersion = 10.0.40219.1
Project("{FAE04EC0-301F-11D3-BF4B-00C04F79EFBC}") = "test", "test\test.csproj", "{B0489FE3-23E2-4754-AF19-CBBD82FEABB2}"
EndProject
Project("{FAE04EC0-301F-11D3-BF4B-00C04F79EFBC}") = "notbot", "notbot\notbot.csproj", "{A641DFDC-7D2F-438B-9B63-158062A202DD}"
EndProject
Project("{FAE04EC0-301F-11D3-BF4B-00C04F79EFBC}") = "Insertion_sort", "Insertion_sort\Insertion_sort.csproj", "{90A8656E-781C-47CF-A6D5-4466510B0A3B}"
EndProject
Project("{FAE04EC0-301F-11D3-BF4B-00C04F79EFBC}") = "selSort", "selSort\selSort.csproj", "{61F659C8-556F-4A15-937F-61A6E04D860C}"
EndProject
Project("{FAE04EC0-301F-11D3-BF4B-00C04F79EFBC}") = "Day1", "Day1\Day1.csproj", "{84D7F897-2926-41C8-A92C-669E5D978FCB}"
EndProject
Global
	GlobalSection(SolutionConfigurationPlatforms) = preSolution
		Debug|Any CPU = Debug|Any CPU
		Release|Any CPU = Release|Any CPU
	EndGlobalSection
	GlobalSection(ProjectConfigurationPlatforms) = postSolution
		{B0489FE3-23E2-4754-AF19-CBBD82FEABB2}.Debug|Any CPU.ActiveCfg = Debug|Any CPU
		{B0489FE3-23E2-4754-AF19-CBBD82FEABB2}.Debug|Any CPU.Build.0 = Debug|Any CPU
		{B0489FE3-23E2-4754-AF19-CBBD82FEABB2}.Release|Any CPU.ActiveCfg = Release|Any CPU
		{B0489FE3-23E2-4754-AF19-CBBD82FEABB2}.Release|Any CPU.Build.0 = Release|Any CPU
		{A641DFDC-7D2F-438B-9B63-158062A202DD}.Debug|Any CPU.ActiveCfg = Debug|Any CPU
		{A641DFDC-7D2F-438B-9B63-158062A202DD}.Debug|Any CPU.Build.0 = Debug|Any CPU
		{A641DFDC-7D2F-438B-9B63-158062A202DD}.Release|Any CPU.ActiveCfg = Release|Any CPU
		{A641DFDC-7D2F-438B-9B63-158062A202DD}.Release|Any CPU.Build.0 = Release|Any CPU
		{90A8656E-781C-47CF-A6D5-4466510B0A3B}.Debug|Any CPU.ActiveCfg = Debug|Any CPU
		{90A8656E-781C-47CF-A6D5-4466510B0A3B}.Debug|Any CPU.Build.0 = Debug|Any CPU
		{90A8656E-781C-47CF-A6D5-4466510B0A3B}.Release|Any CPU.ActiveCfg = Release|Any CPU
		{90A8656E-781C-47CF-A6D5-4466510B0A3B}.Release|Any CPU.Build.0 = Release|Any CPU
		{61F659C8-556F-4A15-937F-61A6E04D860C}.Debug|Any CPU.ActiveCfg = Debug|Any CPU
		{61F659C8-556F-4A15-937F-61A6E04D860C}.Debug|Any CPU.Build.0 = Debug|Any CPU
		{61F659C8-556F-4A15-937F-61A6E04D860C}.Release|Any CPU.ActiveCfg = Release|Any CPU
		{61F659C8-556F-4A15-937F-61A6E04D860C}.Release|Any CPU.Build.0 = Release|Any CPU
		{84D7F897-2926-41C8-A92C-669E5D978FCB}.Debug|Any CPU.ActiveCfg = Debug|Any CPU
		{84D7F897-2926-41C8-A92C-669E5D978FCB}.Debug|Any CPU.Build.0 = Debug|Any CPU
		{84D7F897-2926-41C8-A92C-669E5D978FCB}.Release|Any CPU.ActiveCfg = Release|Any CPU
		{84D7F897-2926-41C8-A92C-669E5D978FCB}.Release|Any CPU.Build.0 = Release|Any CPU
	EndGlobalSection
	GlobalSection(SolutionProperties) = preSolution
		HideSolutionNode = FALSE
	EndGlobalSection
	GlobalSection(ExtensibilityGlobals) = postSolution
		SolutionGuid = {00BE8755-7F69-4C57-AD02-C67908162EFE}
	EndGlobalSection
EndGlobal
